
Microsoft Visual Studio Solution File, Format Version 12.00
# Visual Studio Version 17
VisualStudioVersion = 17.0.31903.59
MinimumVisualStudioVersion = 10.0.40219.1
Project("{2150E333-8FDC-42A3-9474-1A3956D46DE8}") = "src", "src", "{827E0CD3-B72D-47B6-A68D-7590B98EB39B}"
EndProject
Project("{2150E333-8FDC-42A3-9474-1A3956D46DE8}") = "Core", "Core", "{8D626EA8-CB54-BC41-363A-217881BEBA6E}"
EndProject
Project("{2150E333-8FDC-42A3-9474-1A3956D46DE8}") = "Infrastructure", "Infrastructure", "{B8C5F2A1-9D3E-4F7B-8A2C-5E1F6B9A4D7C}"
EndProject
Project("{FAE04EC0-301F-11D3-BF4B-00C04F79EFBC}") = "ST.Domain", "src\Core\ST.Domain\ST.Domain.csproj", "{A9F8902D-465F-421A-B4E9-C6C49B72AA2A}"
EndProject
Project("{FAE04EC0-301F-11D3-BF4B-00C04F79EFBC}") = "ST.Application", "src\Core\ST.Application\ST.Application.csproj", "{5CC3CD4C-7286-4368-9A30-37DA8BC843AB}"
EndProject
Project("{FAE04EC0-301F-11D3-BF4B-00C04F79EFBC}") = "ST.Infrastructure", "src\Infrastructure\ST.Infrastructure\ST.Infrastructure.csproj", "{6AA10418-17BA-4409-AE58-D261D016D8A8}"
EndProject
Project("{2150E333-8FDC-42A3-9474-1A3956D46DE8}") = "Presentation", "Presentation", "{6996BBF7-DB31-59BC-C7DD-9A7CCC6138C4}"
EndProject
Project("{FAE04EC0-301F-11D3-BF4B-00C04F79EFBC}") = "ST.App", "src\Presentation\ST.App\ST.App.csproj", "{6A3B29F5-AEA1-4B82-A013-8E394A2F5278}"
EndProject
Global
	GlobalSection(SolutionConfigurationPlatforms) = preSolution
		Debug|Any CPU = Debug|Any CPU
		Debug|x64 = Debug|x64
		Debug|x86 = Debug|x86
		Release|Any CPU = Release|Any CPU
		Release|x64 = Release|x64
		Release|x86 = Release|x86
	EndGlobalSection
	GlobalSection(ProjectConfigurationPlatforms) = postSolution
		{A9F8902D-465F-421A-B4E9-C6C49B72AA2A}.Debug|Any CPU.ActiveCfg = Debug|Any CPU
		{A9F8902D-465F-421A-B4E9-C6C49B72AA2A}.Debug|Any CPU.Build.0 = Debug|Any CPU
		{A9F8902D-465F-421A-B4E9-C6C49B72AA2A}.Debug|x64.ActiveCfg = Debug|Any CPU
		{A9F8902D-465F-421A-B4E9-C6C49B72AA2A}.Debug|x64.Build.0 = Debug|Any CPU
		{A9F8902D-465F-421A-B4E9-C6C49B72AA2A}.Debug|x86.ActiveCfg = Debug|Any CPU
		{A9F8902D-465F-421A-B4E9-C6C49B72AA2A}.Debug|x86.Build.0 = Debug|Any CPU
		{A9F8902D-465F-421A-B4E9-C6C49B72AA2A}.Release|Any CPU.ActiveCfg = Release|Any CPU
		{A9F8902D-465F-421A-B4E9-C6C49B72AA2A}.Release|Any CPU.Build.0 = Release|Any CPU
		{A9F8902D-465F-421A-B4E9-C6C49B72AA2A}.Release|x64.ActiveCfg = Release|Any CPU
		{A9F8902D-465F-421A-B4E9-C6C49B72AA2A}.Release|x64.Build.0 = Release|Any CPU
		{A9F8902D-465F-421A-B4E9-C6C49B72AA2A}.Release|x86.ActiveCfg = Release|Any CPU
		{A9F8902D-465F-421A-B4E9-C6C49B72AA2A}.Release|x86.Build.0 = Release|Any CPU
		{5CC3CD4C-7286-4368-9A30-37DA8BC843AB}.Debug|Any CPU.ActiveCfg = Debug|Any CPU
		{5CC3CD4C-7286-4368-9A30-37DA8BC843AB}.Debug|Any CPU.Build.0 = Debug|Any CPU
		{5CC3CD4C-7286-4368-9A30-37DA8BC843AB}.Debug|x64.ActiveCfg = Debug|Any CPU
		{5CC3CD4C-7286-4368-9A30-37DA8BC843AB}.Debug|x64.Build.0 = Debug|Any CPU
		{5CC3CD4C-7286-4368-9A30-37DA8BC843AB}.Debug|x86.ActiveCfg = Debug|Any CPU
		{5CC3CD4C-7286-4368-9A30-37DA8BC843AB}.Debug|x86.Build.0 = Debug|Any CPU
		{5CC3CD4C-7286-4368-9A30-37DA8BC843AB}.Release|Any CPU.ActiveCfg = Release|Any CPU
		{5CC3CD4C-7286-4368-9A30-37DA8BC843AB}.Release|Any CPU.Build.0 = Release|Any CPU
		{5CC3CD4C-7286-4368-9A30-37DA8BC843AB}.Release|x64.ActiveCfg = Release|Any CPU
		{5CC3CD4C-7286-4368-9A30-37DA8BC843AB}.Release|x64.Build.0 = Release|Any CPU
		{5CC3CD4C-7286-4368-9A30-37DA8BC843AB}.Release|x86.ActiveCfg = Release|Any CPU
		{5CC3CD4C-7286-4368-9A30-37DA8BC843AB}.Release|x86.Build.0 = Release|Any CPU
		{6AA10418-17BA-4409-AE58-D261D016D8A8}.Debug|Any CPU.ActiveCfg = Debug|Any CPU
		{6AA10418-17BA-4409-AE58-D261D016D8A8}.Debug|Any CPU.Build.0 = Debug|Any CPU
		{6AA10418-17BA-4409-AE58-D261D016D8A8}.Debug|x64.ActiveCfg = Debug|Any CPU
		{6AA10418-17BA-4409-AE58-D261D016D8A8}.Debug|x64.Build.0 = Debug|Any CPU
		{6AA10418-17BA-4409-AE58-D261D016D8A8}.Debug|x86.ActiveCfg = Debug|Any CPU
		{6AA10418-17BA-4409-AE58-D261D016D8A8}.Debug|x86.Build.0 = Debug|Any CPU
		{6AA10418-17BA-4409-AE58-D261D016D8A8}.Release|Any CPU.ActiveCfg = Release|Any CPU
		{6AA10418-17BA-4409-AE58-D261D016D8A8}.Release|Any CPU.Build.0 = Release|Any CPU
		{6AA10418-17BA-4409-AE58-D261D016D8A8}.Release|x64.ActiveCfg = Release|Any CPU
		{6AA10418-17BA-4409-AE58-D261D016D8A8}.Release|x64.Build.0 = Release|Any CPU
		{6AA10418-17BA-4409-AE58-D261D016D8A8}.Release|x86.ActiveCfg = Release|Any CPU
		{6AA10418-17BA-4409-AE58-D261D016D8A8}.Release|x86.Build.0 = Release|Any CPU
		{6A3B29F5-AEA1-4B82-A013-8E394A2F5278}.Debug|Any CPU.ActiveCfg = Debug|Any CPU
		{6A3B29F5-AEA1-4B82-A013-8E394A2F5278}.Debug|Any CPU.Build.0 = Debug|Any CPU
		{6A3B29F5-AEA1-4B82-A013-8E394A2F5278}.Debug|x64.ActiveCfg = Debug|Any CPU
		{6A3B29F5-AEA1-4B82-A013-8E394A2F5278}.Debug|x64.Build.0 = Debug|Any CPU
		{6A3B29F5-AEA1-4B82-A013-8E394A2F5278}.Debug|x86.ActiveCfg = Debug|Any CPU
		{6A3B29F5-AEA1-4B82-A013-8E394A2F5278}.Debug|x86.Build.0 = Debug|Any CPU
		{6A3B29F5-AEA1-4B82-A013-8E394A2F5278}.Release|Any CPU.ActiveCfg = Release|Any CPU
		{6A3B29F5-AEA1-4B82-A013-8E394A2F5278}.Release|Any CPU.Build.0 = Release|Any CPU
		{6A3B29F5-AEA1-4B82-A013-8E394A2F5278}.Release|x64.ActiveCfg = Release|Any CPU
		{6A3B29F5-AEA1-4B82-A013-8E394A2F5278}.Release|x64.Build.0 = Release|Any CPU
		{6A3B29F5-AEA1-4B82-A013-8E394A2F5278}.Release|x86.ActiveCfg = Release|Any CPU
		{6A3B29F5-AEA1-4B82-A013-8E394A2F5278}.Release|x86.Build.0 = Release|Any CPU
	EndGlobalSection
	GlobalSection(SolutionProperties) = preSolution
		HideSolutionNode = FALSE
	EndGlobalSection
	GlobalSection(NestedProjects) = preSolution
		{8D626EA8-CB54-BC41-363A-217881BEBA6E} = {827E0CD3-B72D-47B6-A68D-7590B98EB39B}
		{B8C5F2A1-9D3E-4F7B-8A2C-5E1F6B9A4D7C} = {827E0CD3-B72D-47B6-A68D-7590B98EB39B}
		{A9F8902D-465F-421A-B4E9-C6C49B72AA2A} = {8D626EA8-CB54-BC41-363A-217881BEBA6E}
		{5CC3CD4C-7286-4368-9A30-37DA8BC843AB} = {8D626EA8-CB54-BC41-363A-217881BEBA6E}
		{6AA10418-17BA-4409-AE58-D261D016D8A8} = {B8C5F2A1-9D3E-4F7B-8A2C-5E1F6B9A4D7C}
		{6996BBF7-DB31-59BC-C7DD-9A7CCC6138C4} = {827E0CD3-B72D-47B6-A68D-7590B98EB39B}
		{6A3B29F5-AEA1-4B82-A013-8E394A2F5278} = {6996BBF7-DB31-59BC-C7DD-9A7CCC6138C4}
	EndGlobalSection
EndGlobal
